
Microsoft Visual Studio Solution File, Format Version 12.00
# Visual Studio Version 17
VisualStudioVersion = 17.4.33122.133
MinimumVisualStudioVersion = 10.0.40219.1
Project("{FAE04EC0-301F-11D3-BF4B-00C04F79EFBC}") = "DemoUpSchoolProject", "DemoUpSchoolProject\DemoUpSchoolProject.csproj", "{47E49449-70D5-455E-954A-91F4DDAD38E3}"
EndProject
Project("{2150E333-8FDC-42A3-9474-1A3956D46DE8}") = "UpSchoolProject1", "UpSchoolProject1", "{88E7D8F9-68E4-4004-905F-8DB96AAF62BC}"
EndProject
Global
	GlobalSection(SolutionConfigurationPlatforms) = preSolution
		Debug|Any CPU = Debug|Any CPU
		Release|Any CPU = Release|Any CPU
	EndGlobalSection
	GlobalSection(ProjectConfigurationPlatforms) = postSolution
		{47E49449-70D5-455E-954A-91F4DDAD38E3}.Debug|Any CPU.ActiveCfg = Debug|Any CPU
		{47E49449-70D5-455E-954A-91F4DDAD38E3}.Debug|Any CPU.Build.0 = Debug|Any CPU
		{47E49449-70D5-455E-954A-91F4DDAD38E3}.Release|Any CPU.ActiveCfg = Release|Any CPU
		{47E49449-70D5-455E-954A-91F4DDAD38E3}.Release|Any CPU.Build.0 = Release|Any CPU
	EndGlobalSection
	GlobalSection(SolutionProperties) = preSolution
		HideSolutionNode = FALSE
	EndGlobalSection
	GlobalSection(NestedProjects) = preSolution
		{47E49449-70D5-455E-954A-91F4DDAD38E3} = {88E7D8F9-68E4-4004-905F-8DB96AAF62BC}
	EndGlobalSection
	GlobalSection(ExtensibilityGlobals) = postSolution
		SolutionGuid = {F5E88300-454D-43FF-B093-0C50744ED683}
	EndGlobalSection
EndGlobal
